
Microsoft Visual Studio Solution File, Format Version 12.00
Project("{FAE04EC0-301F-11D3-BF4B-00C04F79EFBC}") = "FiestStore", "FiestStore.csproj", "{610C516E-E21E-4611-997E-78B11E524FB9}"
EndProject
Global
	GlobalSection(SolutionConfigurationPlatforms) = preSolution
		Debug|Any CPU = Debug|Any CPU
		Release|Any CPU = Release|Any CPU
	EndGlobalSection
	GlobalSection(ProjectConfigurationPlatforms) = postSolution
		{610C516E-E21E-4611-997E-78B11E524FB9}.Debug|Any CPU.ActiveCfg = Debug|Any CPU
		{610C516E-E21E-4611-997E-78B11E524FB9}.Debug|Any CPU.Build.0 = Debug|Any CPU
		{610C516E-E21E-4611-997E-78B11E524FB9}.Release|Any CPU.ActiveCfg = Release|Any CPU
		{610C516E-E21E-4611-997E-78B11E524FB9}.Release|Any CPU.Build.0 = Release|Any CPU
	EndGlobalSection
EndGlobal
